
Microsoft Visual Studio Solution File, Format Version 12.00
# Visual Studio Version 16
VisualStudioVersion = 16.0.31402.337
MinimumVisualStudioVersion = 10.0.40219.1
Project("{FAE04EC0-301F-11D3-BF4B-00C04F79EFBC}") = "EmployeeManagement", "EmployeeManagement.csproj", "{8CA28D24-88C5-48BE-A7D5-E977C39BFA85}"
EndProject
Global
	GlobalSection(SolutionConfigurationPlatforms) = preSolution
		Debug|Any CPU = Debug|Any CPU
		Release|Any CPU = Release|Any CPU
	EndGlobalSection
	GlobalSection(ProjectConfigurationPlatforms) = postSolution
		{8CA28D24-88C5-48BE-A7D5-E977C39BFA85}.Debug|Any CPU.ActiveCfg = Debug|Any CPU
		{8CA28D24-88C5-48BE-A7D5-E977C39BFA85}.Debug|Any CPU.Build.0 = Debug|Any CPU
		{8CA28D24-88C5-48BE-A7D5-E977C39BFA85}.Release|Any CPU.ActiveCfg = Release|Any CPU
		{8CA28D24-88C5-48BE-A7D5-E977C39BFA85}.Release|Any CPU.Build.0 = Release|Any CPU
	EndGlobalSection
	GlobalSection(SolutionProperties) = preSolution
		HideSolutionNode = FALSE
	EndGlobalSection
	GlobalSection(ExtensibilityGlobals) = postSolution
		SolutionGuid = {BE7F03BA-2FC1-40FD-8346-D696508AE66F}
	EndGlobalSection
EndGlobal
